
Microsoft Visual Studio Solution File, Format Version 12.00
# Visual Studio Version 17
VisualStudioVersion = 17.11.35303.130
MinimumVisualStudioVersion = 10.0.40219.1
Project("{FAE04EC0-301F-11D3-BF4B-00C04F79EFBC}") = "Namesorter", "Namesorter\Namesorter.csproj", "{0CB6DC40-D5A6-42A6-AEE2-02931E6D1412}"
EndProject
Global
	GlobalSection(SolutionConfigurationPlatforms) = preSolution
		Debug|Any CPU = Debug|Any CPU
		Release|Any CPU = Release|Any CPU
	EndGlobalSection
	GlobalSection(ProjectConfigurationPlatforms) = postSolution
		{0CB6DC40-D5A6-42A6-AEE2-02931E6D1412}.Debug|Any CPU.ActiveCfg = Debug|Any CPU
		{0CB6DC40-D5A6-42A6-AEE2-02931E6D1412}.Debug|Any CPU.Build.0 = Debug|Any CPU
		{0CB6DC40-D5A6-42A6-AEE2-02931E6D1412}.Release|Any CPU.ActiveCfg = Release|Any CPU
		{0CB6DC40-D5A6-42A6-AEE2-02931E6D1412}.Release|Any CPU.Build.0 = Release|Any CPU
	EndGlobalSection
	GlobalSection(SolutionProperties) = preSolution
		HideSolutionNode = FALSE
	EndGlobalSection
	GlobalSection(ExtensibilityGlobals) = postSolution
		SolutionGuid = {0E04C038-01BA-4E42-851F-1CB636BAC8F1}
	EndGlobalSection
EndGlobal
